{
  "lockfileVersion": 1,
  "workspaces": {
    "": {
      "name": "@eggl-js/expo-github-cache",
      "dependencies": {
        "@babel/code-frame": "7.23.5",
        "@expo/config": "^12.0.10",
        "@expo/spawn-async": "^1.7.2",
        "@octokit/rest": "^22.0.0",
        "chalk": "^5.6.2",
        "env-paths": "^3.0.0",
        "figures": "^6.1.0",
        "fs-extra": "11.3.0",
        "log-symbols": "7.0.1",
        "node-fetch": "^3.3.2",
        "octokit": "5.0.3",
        "ora": "^8.2.0",
        "tar": "^7.5.1",
        "tslib": "2.8.1",
        "uuidv7": "^1.0.2",
      },
      "devDependencies": {
        "@biomejs/biome": "2.0.4",
        "@tsconfig/node18": "18.2.4",
        "@types/bun": "latest",
        "@types/cli-progress": "^3.11.6",
        "@types/fs-extra": "11.0.4",
      },
      "peerDependencies": {
        "typescript": "^5.8.3",
      },
    },
  },
  "packages": {
    "@babel/code-frame": ["@babel/code-frame@7.23.5", "", { "dependencies": { "@babel/highlight": "^7.23.4", "chalk": "^2.4.2" } }, "sha512-CgH3s1a96LipHCmSUmYFPwY7MNx8C3avkq7i4Wl3cfa662ldtUe4VM1TPXX70pfmrlWTb6jLqTYrZyT2ZTJBgA=="],

    "@babel/helper-validator-identifier": ["@babel/helper-validator-identifier@7.27.1", "", {}, "sha512-D2hP9eA+Sqx1kBZgzxZh0y1trbuU+JoDkiEwqhQ36nodYqJwyEIhPSdMNd7lOm/4io72luTPWH20Yda0xOuUow=="],

    "@babel/highlight": ["@babel/highlight@7.25.9", "", { "dependencies": { "@babel/helper-validator-identifier": "^7.25.9", "chalk": "^2.4.2", "js-tokens": "^4.0.0", "picocolors": "^1.0.0" } }, "sha512-llL88JShoCsth8fF8R4SJnIn+WLvR6ccFxu1H3FlMhDontdcmZWf2HgIZ7AIqV3Xcck1idlohrN4EUBQz6klbw=="],

    "@biomejs/biome": ["@biomejs/biome@2.0.4", "", { "optionalDependencies": { "@biomejs/cli-darwin-arm64": "2.0.4", "@biomejs/cli-darwin-x64": "2.0.4", "@biomejs/cli-linux-arm64": "2.0.4", "@biomejs/cli-linux-arm64-musl": "2.0.4", "@biomejs/cli-linux-x64": "2.0.4", "@biomejs/cli-linux-x64-musl": "2.0.4", "@biomejs/cli-win32-arm64": "2.0.4", "@biomejs/cli-win32-x64": "2.0.4" }, "bin": { "biome": "bin/biome" } }, "sha512-DNA++xe+E7UugTvI/HhzSFl6OwrVgU8SIV0Mb2fPtWPk2/oTr4eOSA5xy1JECrvgJeYxurmUBOS49qxv/OUkrQ=="],

    "@biomejs/cli-darwin-arm64": ["@biomejs/cli-darwin-arm64@2.0.4", "", { "os": "darwin", "cpu": "arm64" }, "sha512-r5McIUMMiedwJ2rltuXhj0+w0W7IJLpkOS+OGCVZQQOOcrGY9gUSUmOo7O6Z7P0vlv5YYZkPbi+qR9MDDWRBSw=="],

    "@biomejs/cli-darwin-x64": ["@biomejs/cli-darwin-x64@2.0.4", "", { "os": "darwin", "cpu": "x64" }, "sha512-aV5Zc/3E3aXFbrjK1IgCMEQc+6PCkBL+NS+vtjoNM2VPFeM5OL5Q82BI4YZyPnebj+k42BPIoYtz0jJ95PGRRg=="],

    "@biomejs/cli-linux-arm64": ["@biomejs/cli-linux-arm64@2.0.4", "", { "os": "linux", "cpu": "arm64" }, "sha512-nlJhf7DyuajMj+S7Ygum59cbrHvI/nSRvedfJcEIx4X7SsiZjpRUiC5XtEn77kg7NIKq/KqG5roQIHkmjuFHCw=="],

    "@biomejs/cli-linux-arm64-musl": ["@biomejs/cli-linux-arm64-musl@2.0.4", "", { "os": "linux", "cpu": "arm64" }, "sha512-cNukq2PthoOa7quqaKoEFz4Zd1pDPJGfTR5jVyk9Z9iFHEm6TI7+7eeIs3aYcEuuJPNFR9xhJ4Uj3E2iUWkV3A=="],

    "@biomejs/cli-linux-x64": ["@biomejs/cli-linux-x64@2.0.4", "", { "os": "linux", "cpu": "x64" }, "sha512-jlzrNZ+OzN9wvp2RL3cl5Y4NiV7xSU+QV5A8bWXke1on3jKy7QbXajybSjVQ6aFw1gdrqkO/W8xV5HODhIMT4g=="],

    "@biomejs/cli-linux-x64-musl": ["@biomejs/cli-linux-x64-musl@2.0.4", "", { "os": "linux", "cpu": "x64" }, "sha512-oWQALSbp8xF0t/wiHU2zdkZOpIHyaI9QxQv0Ytty9GAKsCGP6pczp8qyKD/P49iGJdDozHp5KiuQPxs33APhyA=="],

    "@biomejs/cli-win32-arm64": ["@biomejs/cli-win32-arm64@2.0.4", "", { "os": "win32", "cpu": "arm64" }, "sha512-/PbNhMJo9ONja7hOxLlifM/qgeHpRD9bF2flTz5KIrXnQqpuegaRuwP/HYdJ9TFkTKFjHkPLoE4onOz3HIT5CQ=="],

    "@biomejs/cli-win32-x64": ["@biomejs/cli-win32-x64@2.0.4", "", { "os": "win32", "cpu": "x64" }, "sha512-dIM4SgO4/Rmsb4X7fwKtciQ682SZDSC1lm42uSM9gt8zNqBIeTaqsMc6eO1DpxYWMlAb/n2SML9+HUHmCib7NA=="],

    "@expo/config": ["@expo/config@12.0.10", "", { "dependencies": { "@babel/code-frame": "~7.10.4", "@expo/config-plugins": "~54.0.2", "@expo/config-types": "^54.0.8", "@expo/json-file": "^10.0.7", "deepmerge": "^4.3.1", "getenv": "^2.0.0", "glob": "^10.4.2", "require-from-string": "^2.0.2", "resolve-from": "^5.0.0", "resolve-workspace-root": "^2.0.0", "semver": "^7.6.0", "slugify": "^1.3.4", "sucrase": "3.35.0" } }, "sha512-lJMof5Nqakq1DxGYlghYB/ogSBjmv4Fxn1ovyDmcjlRsQdFCXgu06gEUogkhPtc9wBt9WlTTfqENln5HHyLW6w=="],

    "@expo/config-plugins": ["@expo/config-plugins@54.0.2", "", { "dependencies": { "@expo/config-types": "^54.0.8", "@expo/json-file": "~10.0.7", "@expo/plist": "^0.4.7", "@expo/sdk-runtime-versions": "^1.0.0", "chalk": "^4.1.2", "debug": "^4.3.5", "getenv": "^2.0.0", "glob": "^10.4.2", "resolve-from": "^5.0.0", "semver": "^7.5.4", "slash": "^3.0.0", "slugify": "^1.6.6", "xcode": "^3.0.1", "xml2js": "0.6.0" } }, "sha512-jD4qxFcURQUVsUFGMcbo63a/AnviK8WUGard+yrdQE3ZrB/aurn68SlApjirQQLEizhjI5Ar2ufqflOBlNpyPg=="],

    "@expo/config-types": ["@expo/config-types@54.0.8", "", {}, "sha512-lyIn/x/Yz0SgHL7IGWtgTLg6TJWC9vL7489++0hzCHZ4iGjVcfZmPTUfiragZ3HycFFj899qN0jlhl49IHa94A=="],

    "@expo/json-file": ["@expo/json-file@10.0.7", "", { "dependencies": { "@babel/code-frame": "~7.10.4", "json5": "^2.2.3" } }, "sha512-z2OTC0XNO6riZu98EjdNHC05l51ySeTto6GP7oSQrCvQgG9ARBwD1YvMQaVZ9wU7p/4LzSf1O7tckL3B45fPpw=="],

    "@expo/plist": ["@expo/plist@0.4.7", "", { "dependencies": { "@xmldom/xmldom": "^0.8.8", "base64-js": "^1.2.3", "xmlbuilder": "^15.1.1" } }, "sha512-dGxqHPvCZKeRKDU1sJZMmuyVtcASuSYh1LPFVaM1DuffqPL36n6FMEL0iUqq2Tx3xhWk8wCnWl34IKplUjJDdA=="],

    "@expo/sdk-runtime-versions": ["@expo/sdk-runtime-versions@1.0.0", "", {}, "sha512-Doz2bfiPndXYFPMRwPyGa1k5QaKDVpY806UJj570epIiMzWaYyCtobasyfC++qfIXVb5Ocy7r3tP9d62hAQ7IQ=="],

    "@expo/spawn-async": ["@expo/spawn-async@1.7.2", "", { "dependencies": { "cross-spawn": "^7.0.3" } }, "sha512-QdWi16+CHB9JYP7gma19OVVg0BFkvU8zNj9GjWorYI8Iv8FUxjOCcYRuAmX4s/h91e4e7BPsskc8cSrZYho9Ew=="],

    "@isaacs/cliui": ["@isaacs/cliui@8.0.2", "", { "dependencies": { "string-width": "^5.1.2", "string-width-cjs": "npm:string-width@^4.2.0", "strip-ansi": "^7.0.1", "strip-ansi-cjs": "npm:strip-ansi@^6.0.1", "wrap-ansi": "^8.1.0", "wrap-ansi-cjs": "npm:wrap-ansi@^7.0.0" } }, "sha512-O8jcjabXaleOG9DQ0+ARXWZBTfnP4WNAqzuiJK7ll44AmxGKv/J2M4TPjxjY3znBCfvBXFzucm1twdyFybFqEA=="],

    "@isaacs/fs-minipass": ["@isaacs/fs-minipass@4.0.1", "", { "dependencies": { "minipass": "^7.0.4" } }, "sha512-wgm9Ehl2jpeqP3zw/7mo3kRHFp5MEDhqAdwy1fTGkHAwnkGOVsgpvQhL8B5n1qlb01jV3n/bI0ZfZp5lWA1k4w=="],

    "@jridgewell/gen-mapping": ["@jridgewell/gen-mapping@0.3.8", "", { "dependencies": { "@jridgewell/set-array": "^1.2.1", "@jridgewell/sourcemap-codec": "^1.4.10", "@jridgewell/trace-mapping": "^0.3.24" } }, "sha512-imAbBGkb+ebQyxKgzv5Hu2nmROxoDOXHh80evxdoXNOrvAnVx7zimzc1Oo5h9RlfV4vPXaE2iM5pOFbvOCClWA=="],

    "@jridgewell/resolve-uri": ["@jridgewell/resolve-uri@3.1.2", "", {}, "sha512-bRISgCIjP20/tbWSPWMEi54QVPRZExkuD9lJL+UIxUKtwVJA8wW1Trb1jMs1RFXo1CBTNZ/5hpC9QvmKWdopKw=="],

    "@jridgewell/set-array": ["@jridgewell/set-array@1.2.1", "", {}, "sha512-R8gLRTZeyp03ymzP/6Lil/28tGeGEzhx1q2k703KGWRAI1VdvPIXdG70VJc2pAMw3NA6JKL5hhFu1sJX0Mnn/A=="],

    "@jridgewell/sourcemap-codec": ["@jridgewell/sourcemap-codec@1.5.0", "", {}, "sha512-gv3ZRaISU3fjPAgNsriBRqGWQL6quFx04YMPW/zD8XMLsU32mhCCbfbO6KZFLjvYpCZ8zyDEgqsgf+PwPaM7GQ=="],

    "@jridgewell/trace-mapping": ["@jridgewell/trace-mapping@0.3.25", "", { "dependencies": { "@jridgewell/resolve-uri": "^3.1.0", "@jridgewell/sourcemap-codec": "^1.4.14" } }, "sha512-vNk6aEwybGtawWmy/PzwnGDOjCkLWSD2wqvjGGAgOAwCGWySYXfYoxt00IJkTF+8Lb57DwOb3Aa0o9CApepiYQ=="],

    "@octokit/app": ["@octokit/app@16.0.1", "", { "dependencies": { "@octokit/auth-app": "^8.0.1", "@octokit/auth-unauthenticated": "^7.0.1", "@octokit/core": "^7.0.2", "@octokit/oauth-app": "^8.0.1", "@octokit/plugin-paginate-rest": "^13.0.0", "@octokit/types": "^14.0.0", "@octokit/webhooks": "^14.0.0" } }, "sha512-kgTeTsWmpUX+s3Fs4EK4w1K+jWCDB6ClxLSWUWTyhlw7+L3jHtuXDR4QtABu2GsmCMdk67xRhruiXotS3ay3Yw=="],

    "@octokit/auth-app": ["@octokit/auth-app@8.0.1", "", { "dependencies": { "@octokit/auth-oauth-app": "^9.0.1", "@octokit/auth-oauth-user": "^6.0.0", "@octokit/request": "^10.0.2", "@octokit/request-error": "^7.0.0", "@octokit/types": "^14.0.0", "toad-cache": "^3.7.0", "universal-github-app-jwt": "^2.2.0", "universal-user-agent": "^7.0.0" } }, "sha512-P2J5pB3pjiGwtJX4WqJVYCtNkcZ+j5T2Wm14aJAEIC3WJOrv12jvBley3G1U/XI8q9o1A7QMG54LiFED2BiFlg=="],

    "@octokit/auth-oauth-app": ["@octokit/auth-oauth-app@9.0.1", "", { "dependencies": { "@octokit/auth-oauth-device": "^8.0.1", "@octokit/auth-oauth-user": "^6.0.0", "@octokit/request": "^10.0.2", "@octokit/types": "^14.0.0", "universal-user-agent": "^7.0.0" } }, "sha512-TthWzYxuHKLAbmxdFZwFlmwVyvynpyPmjwc+2/cI3cvbT7mHtsAW9b1LvQaNnAuWL+pFnqtxdmrU8QpF633i1g=="],

    "@octokit/auth-oauth-device": ["@octokit/auth-oauth-device@8.0.1", "", { "dependencies": { "@octokit/oauth-methods": "^6.0.0", "@octokit/request": "^10.0.2", "@octokit/types": "^14.0.0", "universal-user-agent": "^7.0.0" } }, "sha512-TOqId/+am5yk9zor0RGibmlqn4V0h8vzjxlw/wYr3qzkQxl8aBPur384D1EyHtqvfz0syeXji4OUvKkHvxk/Gw=="],

    "@octokit/auth-oauth-user": ["@octokit/auth-oauth-user@6.0.0", "", { "dependencies": { "@octokit/auth-oauth-device": "^8.0.1", "@octokit/oauth-methods": "^6.0.0", "@octokit/request": "^10.0.2", "@octokit/types": "^14.0.0", "universal-user-agent": "^7.0.0" } }, "sha512-GV9IW134PHsLhtUad21WIeP9mlJ+QNpFd6V9vuPWmaiN25HEJeEQUcS4y5oRuqCm9iWDLtfIs+9K8uczBXKr6A=="],

    "@octokit/auth-token": ["@octokit/auth-token@6.0.0", "", {}, "sha512-P4YJBPdPSpWTQ1NU4XYdvHvXJJDxM6YwpS0FZHRgP7YFkdVxsWcpWGy/NVqlAA7PcPCnMacXlRm1y2PFZRWL/w=="],

    "@octokit/auth-unauthenticated": ["@octokit/auth-unauthenticated@7.0.1", "", { "dependencies": { "@octokit/request-error": "^7.0.0", "@octokit/types": "^14.0.0" } }, "sha512-qVq1vdjLLZdE8kH2vDycNNjuJRCD1q2oet1nA/GXWaYlpDxlR7rdVhX/K/oszXslXiQIiqrQf+rdhDlA99JdTQ=="],

    "@octokit/core": ["@octokit/core@7.0.2", "", { "dependencies": { "@octokit/auth-token": "^6.0.0", "@octokit/graphql": "^9.0.1", "@octokit/request": "^10.0.2", "@octokit/request-error": "^7.0.0", "@octokit/types": "^14.0.0", "before-after-hook": "^4.0.0", "universal-user-agent": "^7.0.0" } }, "sha512-ODsoD39Lq6vR6aBgvjTnA3nZGliknKboc9Gtxr7E4WDNqY24MxANKcuDQSF0jzapvGb3KWOEDrKfve4HoWGK+g=="],

    "@octokit/endpoint": ["@octokit/endpoint@11.0.0", "", { "dependencies": { "@octokit/types": "^14.0.0", "universal-user-agent": "^7.0.2" } }, "sha512-hoYicJZaqISMAI3JfaDr1qMNi48OctWuOih1m80bkYow/ayPw6Jj52tqWJ6GEoFTk1gBqfanSoI1iY99Z5+ekQ=="],

    "@octokit/graphql": ["@octokit/graphql@9.0.1", "", { "dependencies": { "@octokit/request": "^10.0.2", "@octokit/types": "^14.0.0", "universal-user-agent": "^7.0.0" } }, "sha512-j1nQNU1ZxNFx2ZtKmL4sMrs4egy5h65OMDmSbVyuCzjOcwsHq6EaYjOTGXPQxgfiN8dJ4CriYHk6zF050WEULg=="],

    "@octokit/oauth-app": ["@octokit/oauth-app@8.0.1", "", { "dependencies": { "@octokit/auth-oauth-app": "^9.0.1", "@octokit/auth-oauth-user": "^6.0.0", "@octokit/auth-unauthenticated": "^7.0.1", "@octokit/core": "^7.0.2", "@octokit/oauth-authorization-url": "^8.0.0", "@octokit/oauth-methods": "^6.0.0", "@types/aws-lambda": "^8.10.83", "universal-user-agent": "^7.0.0" } }, "sha512-QnhMYEQpnYbEPn9cae+wXL2LuPMFglmfeuDJXXsyxIXdoORwkLK8y0cHhd/5du9MbO/zdG/BXixzB7EEwU63eQ=="],

    "@octokit/oauth-authorization-url": ["@octokit/oauth-authorization-url@8.0.0", "", {}, "sha512-7QoLPRh/ssEA/HuHBHdVdSgF8xNLz/Bc5m9fZkArJE5bb6NmVkDm3anKxXPmN1zh6b5WKZPRr3697xKT/yM3qQ=="],

    "@octokit/oauth-methods": ["@octokit/oauth-methods@6.0.0", "", { "dependencies": { "@octokit/oauth-authorization-url": "^8.0.0", "@octokit/request": "^10.0.2", "@octokit/request-error": "^7.0.0", "@octokit/types": "^14.0.0" } }, "sha512-Q8nFIagNLIZgM2odAraelMcDssapc+lF+y3OlcIPxyAU+knefO8KmozGqfnma1xegRDP4z5M73ABsamn72bOcA=="],

    "@octokit/openapi-types": ["@octokit/openapi-types@25.1.0", "", {}, "sha512-idsIggNXUKkk0+BExUn1dQ92sfysJrje03Q0bv0e+KPLrvyqZF8MnBpFz8UNfYDwB3Ie7Z0TByjWfzxt7vseaA=="],

    "@octokit/openapi-webhooks-types": ["@octokit/openapi-webhooks-types@11.0.0", "", {}, "sha512-ZBzCFj98v3SuRM7oBas6BHZMJRadlnDoeFfvm1olVxZnYeU6Vh97FhPxyS5aLh5pN51GYv2I51l/hVUAVkGBlA=="],

    "@octokit/plugin-paginate-graphql": ["@octokit/plugin-paginate-graphql@6.0.0", "", { "peerDependencies": { "@octokit/core": ">=6" } }, "sha512-crfpnIoFiBtRkvPqOyLOsw12XsveYuY2ieP6uYDosoUegBJpSVxGwut9sxUgFFcll3VTOTqpUf8yGd8x1OmAkQ=="],

    "@octokit/plugin-paginate-rest": ["@octokit/plugin-paginate-rest@13.0.1", "", { "dependencies": { "@octokit/types": "^14.1.0" }, "peerDependencies": { "@octokit/core": ">=6" } }, "sha512-m1KvHlueScy4mQJWvFDCxFBTIdXS0K1SgFGLmqHyX90mZdCIv6gWBbKRhatxRjhGlONuTK/hztYdaqrTXcFZdQ=="],

    "@octokit/plugin-request-log": ["@octokit/plugin-request-log@6.0.0", "", { "peerDependencies": { "@octokit/core": ">=6" } }, "sha512-UkOzeEN3W91/eBq9sPZNQ7sUBvYCqYbrrD8gTbBuGtHEuycE4/awMXcYvx6sVYo7LypPhmQwwpUe4Yyu4QZN5Q=="],

    "@octokit/plugin-rest-endpoint-methods": ["@octokit/plugin-rest-endpoint-methods@16.0.0", "", { "dependencies": { "@octokit/types": "^14.1.0" }, "peerDependencies": { "@octokit/core": ">=6" } }, "sha512-kJVUQk6/dx/gRNLWUnAWKFs1kVPn5O5CYZyssyEoNYaFedqZxsfYs7DwI3d67hGz4qOwaJ1dpm07hOAD1BXx6g=="],

    "@octokit/plugin-retry": ["@octokit/plugin-retry@8.0.1", "", { "dependencies": { "@octokit/request-error": "^7.0.0", "@octokit/types": "^14.0.0", "bottleneck": "^2.15.3" }, "peerDependencies": { "@octokit/core": ">=7" } }, "sha512-KUoYR77BjF5O3zcwDQHRRZsUvJwepobeqiSSdCJ8lWt27FZExzb0GgVxrhhfuyF6z2B2zpO0hN5pteni1sqWiw=="],

    "@octokit/plugin-throttling": ["@octokit/plugin-throttling@11.0.1", "", { "dependencies": { "@octokit/types": "^14.0.0", "bottleneck": "^2.15.3" }, "peerDependencies": { "@octokit/core": "^7.0.0" } }, "sha512-S+EVhy52D/272L7up58dr3FNSMXWuNZolkL4zMJBNIfIxyZuUcczsQAU4b5w6dewJXnKYVgSHSV5wxitMSW1kw=="],

    "@octokit/request": ["@octokit/request@10.0.2", "", { "dependencies": { "@octokit/endpoint": "^11.0.0", "@octokit/request-error": "^7.0.0", "@octokit/types": "^14.0.0", "fast-content-type-parse": "^3.0.0", "universal-user-agent": "^7.0.2" } }, "sha512-iYj4SJG/2bbhh+iIpFmG5u49DtJ4lipQ+aPakjL9OKpsGY93wM8w06gvFbEQxcMsZcCvk5th5KkIm2m8o14aWA=="],

    "@octokit/request-error": ["@octokit/request-error@7.0.0", "", { "dependencies": { "@octokit/types": "^14.0.0" } }, "sha512-KRA7VTGdVyJlh0cP5Tf94hTiYVVqmt2f3I6mnimmaVz4UG3gQV/k4mDJlJv3X67iX6rmN7gSHCF8ssqeMnmhZg=="],

    "@octokit/rest": ["@octokit/rest@22.0.0", "", { "dependencies": { "@octokit/core": "^7.0.2", "@octokit/plugin-paginate-rest": "^13.0.1", "@octokit/plugin-request-log": "^6.0.0", "@octokit/plugin-rest-endpoint-methods": "^16.0.0" } }, "sha512-z6tmTu9BTnw51jYGulxrlernpsQYXpui1RK21vmXn8yF5bp6iX16yfTtJYGK5Mh1qDkvDOmp2n8sRMcQmR8jiA=="],

    "@octokit/types": ["@octokit/types@14.1.0", "", { "dependencies": { "@octokit/openapi-types": "^25.1.0" } }, "sha512-1y6DgTy8Jomcpu33N+p5w58l6xyt55Ar2I91RPiIA0xCJBXyUAhXCcmZaDWSANiha7R9a6qJJ2CRomGPZ6f46g=="],

    "@octokit/webhooks": ["@octokit/webhooks@14.0.0", "", { "dependencies": { "@octokit/openapi-webhooks-types": "11.0.0", "@octokit/request-error": "^7.0.0", "@octokit/webhooks-methods": "^6.0.0" } }, "sha512-IZV4vg/s1pqIpCs86a0tp5FQ/O94DUaqksMdNrXFSaE037TXsB+fIhr8OVig09oEx3WazVgE6B2U+u7/Fvdlsw=="],

    "@octokit/webhooks-methods": ["@octokit/webhooks-methods@6.0.0", "", {}, "sha512-MFlzzoDJVw/GcbfzVC1RLR36QqkTLUf79vLVO3D+xn7r0QgxnFoLZgtrzxiQErAjFUOdH6fas2KeQJ1yr/qaXQ=="],

    "@pkgjs/parseargs": ["@pkgjs/parseargs@0.11.0", "", {}, "sha512-+1VkjdD0QBLPodGrJUeqarH8VAIvQODIbwh9XpP5Syisf7YoQgsJKPNFoqqLQlu+VQ/tVSshMR6loPMn8U+dPg=="],

    "@tsconfig/node18": ["@tsconfig/node18@18.2.4", "", {}, "sha512-5xxU8vVs9/FNcvm3gE07fPbn9tl6tqGGWA9tSlwsUEkBxtRnTsNmwrV8gasZ9F/EobaSv9+nu8AxUKccw77JpQ=="],

    "@types/aws-lambda": ["@types/aws-lambda@8.10.149", "", {}, "sha512-NXSZIhfJjnXqJgtS7IwutqIF/SOy1Wz5Px4gUY1RWITp3AYTyuJS4xaXr/bIJY1v15XMzrJ5soGnPM+7uigZjA=="],

    "@types/bun": ["@types/bun@1.2.23", "", { "dependencies": { "bun-types": "1.2.23" } }, "sha512-le8ueOY5b6VKYf19xT3McVbXqLqmxzPXHsQT/q9JHgikJ2X22wyTW3g3ohz2ZMnp7dod6aduIiq8A14Xyimm0A=="],

    "@types/cli-progress": ["@types/cli-progress@3.11.6", "", { "dependencies": { "@types/node": "*" } }, "sha512-cE3+jb9WRlu+uOSAugewNpITJDt1VF8dHOopPO4IABFc3SXYL5WE/+PTz/FCdZRRfIujiWW3n3aMbv1eIGVRWA=="],

    "@types/fs-extra": ["@types/fs-extra@11.0.4", "", { "dependencies": { "@types/jsonfile": "*", "@types/node": "*" } }, "sha512-yTbItCNreRooED33qjunPthRcSjERP1r4MqCZc7wv0u2sUkzTFp45tgUfS5+r7FrZPdmCCNflLhVSP/o+SemsQ=="],

    "@types/jsonfile": ["@types/jsonfile@6.1.4", "", { "dependencies": { "@types/node": "*" } }, "sha512-D5qGUYwjvnNNextdU59/+fI+spnwtTFmyQP0h+PfIOSkNfpU6AOICUOkm4i0OnSk+NyjdPJrxCDro0sJsWlRpQ=="],

    "@types/node": ["@types/node@22.15.24", "", { "dependencies": { "undici-types": "~6.21.0" } }, "sha512-w9CZGm9RDjzTh/D+hFwlBJ3ziUaVw7oufKA3vOFSOZlzmW9AkZnfjPb+DLnrV6qtgL/LNmP0/2zBNCFHL3F0ng=="],

    "@types/react": ["@types/react@19.2.2", "", { "dependencies": { "csstype": "^3.0.2" } }, "sha512-6mDvHUFSjyT2B2yeNx2nUgMxh9LtOWvkhIU3uePn2I2oyNymUAX1NIsdgviM4CH+JSrp2D2hsMvJOkxY+0wNRA=="],

    "@xmldom/xmldom": ["@xmldom/xmldom@0.8.10", "", {}, "sha512-2WALfTl4xo2SkGCYRt6rDTFfk9R1czmBvUQy12gK2KuRKIpWEhcbbzy8EZXtz/jkRqHX8bFEc6FC1HjX4TUWYw=="],

    "ansi-regex": ["ansi-regex@6.1.0", "", {}, "sha512-7HSX4QQb4CspciLpVFwyRe79O3xsIZDDLER21kERQ71oaPodF8jL725AgJMFAYbooIqolJoRLuM81SpeUkpkvA=="],

    "ansi-styles": ["ansi-styles@3.2.1", "", { "dependencies": { "color-convert": "^1.9.0" } }, "sha512-VT0ZI6kZRdTh8YyJw3SMbYm/u+NqfsAxEpWO0Pf9sq8/e94WxxOpPKx9FR1FlyCtOVDNOQ+8ntlqFxiRc+r5qA=="],

    "any-promise": ["any-promise@1.3.0", "", {}, "sha512-7UvmKalWRt1wgjL1RrGxoSJW/0QZFIegpeGvZG9kjp8vrRu55XTHbwnqq2GpXm9uLbcuhxm3IqX9OB4MZR1b2A=="],

    "balanced-match": ["balanced-match@1.0.2", "", {}, "sha512-3oSeUO0TMV67hN1AmbXsK4yaqU7tjiHlbxRDZOpH0KW9+CeX4bRAaX0Anxt0tx2MrpRpWwQaPwIlISEJhYU5Pw=="],

    "base64-js": ["base64-js@1.5.1", "", {}, "sha512-AKpaYlHn8t4SVbOHCy+b5+KKgvR4vrsD8vbvrbiQJps7fKDTkjkDry6ji0rUJjC0kzbNePLwzxq8iypo41qeWA=="],

    "before-after-hook": ["before-after-hook@4.0.0", "", {}, "sha512-q6tR3RPqIB1pMiTRMFcZwuG5T8vwp+vUvEG0vuI6B+Rikh5BfPp2fQ82c925FOs+b0lcFQ8CFrL+KbilfZFhOQ=="],

    "big-integer": ["big-integer@1.6.52", "", {}, "sha512-QxD8cf2eVqJOOz63z6JIN9BzvVs/dlySa5HGSBH5xtR8dPteIRQnBxxKqkNTiT6jbDTF6jAfrd4oMcND9RGbQg=="],

    "bottleneck": ["bottleneck@2.19.5", "", {}, "sha512-VHiNCbI1lKdl44tGrhNfU3lup0Tj/ZBMJB5/2ZbNXRCPuRCO7ed2mgcK4r17y+KB2EfuYuRaVlwNbAeaWGSpbw=="],

    "bplist-creator": ["bplist-creator@0.1.0", "", { "dependencies": { "stream-buffers": "2.2.x" } }, "sha512-sXaHZicyEEmY86WyueLTQesbeoH/mquvarJaQNbjuOQO+7gbFcDEWqKmcWA4cOTLzFlfgvkiVxolk1k5bBIpmg=="],

    "bplist-parser": ["bplist-parser@0.3.1", "", { "dependencies": { "big-integer": "1.6.x" } }, "sha512-PyJxiNtA5T2PlLIeBot4lbp7rj4OadzjnMZD/G5zuBNt8ei/yCU7+wW0h2bag9vr8c+/WuRWmSxbqAl9hL1rBA=="],

    "brace-expansion": ["brace-expansion@2.0.1", "", { "dependencies": { "balanced-match": "^1.0.0" } }, "sha512-XnAIvQ8eM+kC6aULx6wuQiwVsnzsi9d3WxzV3FpWTGA19F621kwdbsAcFKXgKUHZWsy+mY6iL1sHTxWEFCytDA=="],

    "bun-types": ["bun-types@1.2.23", "", { "dependencies": { "@types/node": "*" }, "peerDependencies": { "@types/react": "^19" } }, "sha512-R9f0hKAZXgFU3mlrA0YpE/fiDvwV0FT9rORApt2aQVWSuJDzZOyB5QLc0N/4HF57CS8IXJ6+L5E4W1bW6NS2Aw=="],

    "chalk": ["chalk@5.6.2", "", {}, "sha512-7NzBL0rN6fMUW+f7A6Io4h40qQlG+xGmtMxfbnH/K7TAtt8JQWVQK+6g0UXKMeVJoyV5EkkNsErQ8pVD3bLHbA=="],

    "chownr": ["chownr@3.0.0", "", {}, "sha512-+IxzY9BZOQd/XuYPRmrvEVjF/nqj5kgT4kEq7VofrDoM1MxoRjEWkrCC3EtLi59TVawxTAn+orJwFQcrqEN1+g=="],

    "cli-cursor": ["cli-cursor@5.0.0", "", { "dependencies": { "restore-cursor": "^5.0.0" } }, "sha512-aCj4O5wKyszjMmDT4tZj93kxyydN/K5zPWSCe6/0AV/AA1pqe5ZBIw0a2ZfPQV7lL5/yb5HsUreJ6UFAF1tEQw=="],

    "cli-spinners": ["cli-spinners@2.9.2", "", {}, "sha512-ywqV+5MmyL4E7ybXgKys4DugZbX0FC6LnwrhjuykIjnK9k8OQacQ7axGKnjDXWNhns0xot3bZI5h55H8yo9cJg=="],

    "color-convert": ["color-convert@1.9.3", "", { "dependencies": { "color-name": "1.1.3" } }, "sha512-QfAUtd+vFdAtFQcC8CCyYt1fYWxSqAiK2cSD6zDB8N3cpsEBAvRxp9zOGg6G/SHHJYAT88/az/IuDGALsNVbGg=="],

    "color-name": ["color-name@1.1.3", "", {}, "sha512-72fSenhMw2HZMTVHeCA9KCmpEIbzWiQsjN+BHcBbS9vr1mtt+vJjPdksIBNUmKAW8TFUDPJK5SUU3QhE9NEXDw=="],

    "commander": ["commander@4.1.1", "", {}, "sha512-NOKm8xhkzAjzFx8B2v5OAHT+u5pRQc2UCa2Vq9jYL/31o2wi9mxBA7LIFs3sV5VSC49z6pEhfbMULvShKj26WA=="],

    "cross-spawn": ["cross-spawn@7.0.6", "", { "dependencies": { "path-key": "^3.1.0", "shebang-command": "^2.0.0", "which": "^2.0.1" } }, "sha512-uV2QOWP2nWzsy2aMp8aRibhi9dlzF5Hgh5SHaB9OiTGEyDTiJJyx0uy51QXdyWbtAHNua4XJzUKca3OzKUd3vA=="],

    "csstype": ["csstype@3.1.3", "", {}, "sha512-M1uQkMl8rQK/szD0LNhtqxIPLpimGm8sOBwU7lLnCpSbTyY3yeU1Vc7l4KT5zT4s/yOxHH5O7tIuuLOCnLADRw=="],

    "data-uri-to-buffer": ["data-uri-to-buffer@4.0.1", "", {}, "sha512-0R9ikRb668HB7QDxT1vkpuUBtqc53YyAwMwGeUFKRojY/NWKvdZ+9UYtRfGmhqNbRkTSVpMbmyhXipFFv2cb/A=="],

    "debug": ["debug@4.4.1", "", { "dependencies": { "ms": "^2.1.3" } }, "sha512-KcKCqiftBJcZr++7ykoDIEwSa3XWowTfNPo92BYxjXiyYEVrUQh2aLyhxBCwww+heortUFxEJYcRzosstTEBYQ=="],

    "deepmerge": ["deepmerge@4.3.1", "", {}, "sha512-3sUqbMEc77XqpdNO7FRyRog+eW3ph+GYCbj+rK+uYyRMuwsVy0rMiVtPn+QJlKFvWP/1PYpapqYn0Me2knFn+A=="],

    "eastasianwidth": ["eastasianwidth@0.2.0", "", {}, "sha512-I88TYZWc9XiYHRQ4/3c5rjjfgkjhLyW2luGIheGERbNQ6OY7yTybanSpDXZa8y7VUP9YmDcYa+eyq4ca7iLqWA=="],

    "emoji-regex": ["emoji-regex@10.4.0", "", {}, "sha512-EC+0oUMY1Rqm4O6LLrgjtYDvcVYTy7chDnM4Q7030tP4Kwj3u/pR6gP9ygnp2CJMK5Gq+9Q2oqmrFJAz01DXjw=="],

    "env-paths": ["env-paths@3.0.0", "", {}, "sha512-dtJUTepzMW3Lm/NPxRf3wP4642UWhjL2sQxc+ym2YMj1m/H2zDNQOlezafzkHwn6sMstjHTwG6iQQsctDW/b1A=="],

    "escape-string-regexp": ["escape-string-regexp@1.0.5", "", {}, "sha512-vbRorB5FUQWvla16U8R/qgaFIya2qGzwDrNmCZuYKrbdSUMG6I1ZCGQRefkRVhuOkIGVne7BQ35DSfo1qvJqFg=="],

    "fast-content-type-parse": ["fast-content-type-parse@3.0.0", "", {}, "sha512-ZvLdcY8P+N8mGQJahJV5G4U88CSvT1rP8ApL6uETe88MBXrBHAkZlSEySdUlyztF7ccb+Znos3TFqaepHxdhBg=="],

    "fetch-blob": ["fetch-blob@3.2.0", "", { "dependencies": { "node-domexception": "^1.0.0", "web-streams-polyfill": "^3.0.3" } }, "sha512-7yAQpD2UMJzLi1Dqv7qFYnPbaPx7ZfFK6PiIxQ4PfkGPyNyl2Ugx+a/umUonmKqjhM4DnfbMvdX6otXq83soQQ=="],

    "figures": ["figures@6.1.0", "", { "dependencies": { "is-unicode-supported": "^2.0.0" } }, "sha512-d+l3qxjSesT4V7v2fh+QnmFnUWv9lSpjarhShNTgBOfA0ttejbQUAlHLitbjkoRiDulW0OPoQPYIGhIC8ohejg=="],

    "foreground-child": ["foreground-child@3.3.1", "", { "dependencies": { "cross-spawn": "^7.0.6", "signal-exit": "^4.0.1" } }, "sha512-gIXjKqtFuWEgzFRJA9WCQeSJLZDjgJUOMCMzxtvFq/37KojM1BFGufqsCy0r4qSQmYLsZYMeyRqzIWOMup03sw=="],

    "formdata-polyfill": ["formdata-polyfill@4.0.10", "", { "dependencies": { "fetch-blob": "^3.1.2" } }, "sha512-buewHzMvYL29jdeQTVILecSaZKnt/RJWjoZCF5OW60Z67/GmSLBkOFM7qh1PI3zFNtJbaZL5eQu1vLfazOwj4g=="],

    "fs-extra": ["fs-extra@11.3.0", "", { "dependencies": { "graceful-fs": "^4.2.0", "jsonfile": "^6.0.1", "universalify": "^2.0.0" } }, "sha512-Z4XaCL6dUDHfP/jT25jJKMmtxvuwbkrD1vNSMFlo9lNLY2c5FHYSQgHPRZUjAB26TpDEoW9HCOgplrdbaPV/ew=="],

    "get-east-asian-width": ["get-east-asian-width@1.3.0", "", {}, "sha512-vpeMIQKxczTD/0s2CdEWHcb0eeJe6TFjxb+J5xgX7hScxqrGuyjmv4c1D4A/gelKfyox0gJJwIHF+fLjeaM8kQ=="],

    "getenv": ["getenv@2.0.0", "", {}, "sha512-VilgtJj/ALgGY77fiLam5iD336eSWi96Q15JSAG1zi8NRBysm3LXKdGnHb4m5cuyxvOLQQKWpBZAT6ni4FI2iQ=="],

    "glob": ["glob@10.4.5", "", { "dependencies": { "foreground-child": "^3.1.0", "jackspeak": "^3.1.2", "minimatch": "^9.0.4", "minipass": "^7.1.2", "package-json-from-dist": "^1.0.0", "path-scurry": "^1.11.1" }, "bin": { "glob": "dist/esm/bin.mjs" } }, "sha512-7Bv8RF0k6xjo7d4A/PxYLbUCfb6c+Vpd2/mB2yRDlew7Jb5hEXiCD9ibfO7wpk8i4sevK6DFny9h7EYbM3/sHg=="],

    "graceful-fs": ["graceful-fs@4.2.11", "", {}, "sha512-RbJ5/jmFcNNCcDV5o9eTnBLJ/HszWV0P73bc+Ff4nS/rJj+YaS6IGyiOL0VoBYX+l1Wrl3k63h/KrH+nhJ0XvQ=="],

    "has-flag": ["has-flag@3.0.0", "", {}, "sha512-sKJf1+ceQBr4SMkvQnBDNDtf4TXpVhVGateu0t918bl30FnbE2m4vNLX+VWe/dpjlb+HugGYzW7uQXH98HPEYw=="],

    "is-fullwidth-code-point": ["is-fullwidth-code-point@3.0.0", "", {}, "sha512-zymm5+u+sCsSWyD9qNaejV3DFvhCKclKdizYaJUuHA83RLjb7nSuGnddCHGv0hk+KY7BMAlsWeK4Ueg6EV6XQg=="],

    "is-interactive": ["is-interactive@2.0.0", "", {}, "sha512-qP1vozQRI+BMOPcjFzrjXuQvdak2pHNUMZoeG2eRbiSqyvbEf/wQtEOTOX1guk6E3t36RkaqiSt8A/6YElNxLQ=="],

    "is-unicode-supported": ["is-unicode-supported@2.1.0", "", {}, "sha512-mE00Gnza5EEB3Ds0HfMyllZzbBrmLOX3vfWoj9A9PEnTfratQ/BcaJOuMhnkhjXvb2+FkY3VuHqtAGpTPmglFQ=="],

    "isexe": ["isexe@2.0.0", "", {}, "sha512-RHxMLp9lnKHGHRng9QFhRCMbYAcVpn69smSGcq3f36xjgVVWThj4qqLbTLlq7Ssj8B+fIQ1EuCEGI2lKsyQeIw=="],

    "jackspeak": ["jackspeak@3.4.3", "", { "dependencies": { "@isaacs/cliui": "^8.0.2" }, "optionalDependencies": { "@pkgjs/parseargs": "^0.11.0" } }, "sha512-OGlZQpz2yfahA/Rd1Y8Cd9SIEsqvXkLVoSw/cgwhnhFMDbsQFeZYoJJ7bIZBS9BcamUW96asq/npPWugM+RQBw=="],

    "js-tokens": ["js-tokens@4.0.0", "", {}, "sha512-RdJUflcE3cUzKiMqQgsCu06FPu9UdIJO0beYbPhHN4k6apgJtifcoCtT9bcxOpYBtpD2kCM6Sbzg4CausW/PKQ=="],

    "json5": ["json5@2.2.3", "", { "bin": { "json5": "lib/cli.js" } }, "sha512-XmOWe7eyHYH14cLdVPoyg+GOH3rYX++KpzrylJwSW98t3Nk+U8XOl8FWKOgwtzdb8lXGf6zYwDUzeHMWfxasyg=="],

    "jsonfile": ["jsonfile@6.1.0", "", { "dependencies": { "universalify": "^2.0.0" }, "optionalDependencies": { "graceful-fs": "^4.1.6" } }, "sha512-5dgndWOriYSm5cnYaJNhalLNDKOqFwyDB/rr1E9ZsGciGvKPs8R2xYGCacuf3z6K1YKDz182fd+fY3cn3pMqXQ=="],

    "lines-and-columns": ["lines-and-columns@1.2.4", "", {}, "sha512-7ylylesZQ/PV29jhEDl3Ufjo6ZX7gCqJr5F7PKrqc93v7fzSymt1BpwEU8nAUXs8qzzvqhbjhK5QZg6Mt/HkBg=="],

    "log-symbols": ["log-symbols@7.0.1", "", { "dependencies": { "is-unicode-supported": "^2.0.0", "yoctocolors": "^2.1.1" } }, "sha512-ja1E3yCr9i/0hmBVaM0bfwDjnGy8I/s6PP4DFp+yP+a+mrHO4Rm7DtmnqROTUkHIkqffC84YY7AeqX6oFk0WFg=="],

    "lru-cache": ["lru-cache@10.4.3", "", {}, "sha512-JNAzZcXrCt42VGLuYz0zfAzDfAvJWW6AfYlDBQyDV5DClI2m5sAmK+OIO7s59XfsRsWHp02jAJrRadPRGTt6SQ=="],

    "mimic-function": ["mimic-function@5.0.1", "", {}, "sha512-VP79XUPxV2CigYP3jWwAUFSku2aKqBH7uTAapFWCBqutsbmDo96KY5o8uh6U+/YSIn5OxJnXp73beVkpqMIGhA=="],

    "minimatch": ["minimatch@9.0.5", "", { "dependencies": { "brace-expansion": "^2.0.1" } }, "sha512-G6T0ZX48xgozx7587koeX9Ys2NYy6Gmv//P89sEte9V9whIapMNF4idKxnW2QtCcLiTWlb/wfCabAtAFWhhBow=="],

    "minipass": ["minipass@7.1.2", "", {}, "sha512-qOOzS1cBTWYF4BH8fVePDBOO9iptMnGUEZwNc/cMWnTV2nVLZ7VoNWEPHkYczZA0pdoA7dl6e7FL659nX9S2aw=="],

    "minizlib": ["minizlib@3.1.0", "", { "dependencies": { "minipass": "^7.1.2" } }, "sha512-KZxYo1BUkWD2TVFLr0MQoM8vUUigWD3LlD83a/75BqC+4qE0Hb1Vo5v1FgcfaNXvfXzr+5EhQ6ing/CaBijTlw=="],

    "ms": ["ms@2.1.3", "", {}, "sha512-6FlzubTLZG3J2a/NVCAleEhjzq5oxgHyaCU9yYXvcLsvoVaHJq/s5xXI6/XXP6tz7R9xAOtHnSO/tXtF3WRTlA=="],

    "mz": ["mz@2.7.0", "", { "dependencies": { "any-promise": "^1.0.0", "object-assign": "^4.0.1", "thenify-all": "^1.0.0" } }, "sha512-z81GNO7nnYMEhrGh9LeymoE4+Yr0Wn5McHIZMK5cfQCl+NDX08sCZgUc9/6MHni9IWuFLm1Z3HTCXu2z9fN62Q=="],

    "node-domexception": ["node-domexception@1.0.0", "", {}, "sha512-/jKZoMpw0F8GRwl4/eLROPA3cfcXtLApP0QzLmUT/HuPCZWyB7IY9ZrMeKw2O/nFIqPQB3PVM9aYm0F312AXDQ=="],

    "node-fetch": ["node-fetch@3.3.2", "", { "dependencies": { "data-uri-to-buffer": "^4.0.0", "fetch-blob": "^3.1.4", "formdata-polyfill": "^4.0.10" } }, "sha512-dRB78srN/l6gqWulah9SrxeYnxeddIG30+GOqK/9OlLVyLg3HPnr6SqOWTWOXKRwC2eGYCkZ59NNuSgvSrpgOA=="],

    "object-assign": ["object-assign@4.1.1", "", {}, "sha512-rJgTQnkUnH1sFw8yT6VSU3zD3sWmu6sZhIseY8VX+GRu3P6F7Fu+JNDoXfklElbLJSnc3FUQHVe4cU5hj+BcUg=="],

    "octokit": ["octokit@5.0.3", "", { "dependencies": { "@octokit/app": "^16.0.1", "@octokit/core": "^7.0.2", "@octokit/oauth-app": "^8.0.1", "@octokit/plugin-paginate-graphql": "^6.0.0", "@octokit/plugin-paginate-rest": "^13.0.0", "@octokit/plugin-rest-endpoint-methods": "^16.0.0", "@octokit/plugin-retry": "^8.0.1", "@octokit/plugin-throttling": "^11.0.1", "@octokit/request-error": "^7.0.0", "@octokit/types": "^14.0.0", "@octokit/webhooks": "^14.0.0" } }, "sha512-+bwYsAIRmYv30NTmBysPIlgH23ekVDriB07oRxlPIAH5PI0yTMSxg5i5Xy0OetcnZw+nk/caD4szD7a9YZ3QyQ=="],

    "onetime": ["onetime@7.0.0", "", { "dependencies": { "mimic-function": "^5.0.0" } }, "sha512-VXJjc87FScF88uafS3JllDgvAm+c/Slfz06lorj2uAY34rlUu0Nt+v8wreiImcrgAjjIHp1rXpTDlLOGw29WwQ=="],

    "ora": ["ora@8.2.0", "", { "dependencies": { "chalk": "^5.3.0", "cli-cursor": "^5.0.0", "cli-spinners": "^2.9.2", "is-interactive": "^2.0.0", "is-unicode-supported": "^2.0.0", "log-symbols": "^6.0.0", "stdin-discarder": "^0.2.2", "string-width": "^7.2.0", "strip-ansi": "^7.1.0" } }, "sha512-weP+BZ8MVNnlCm8c0Qdc1WSWq4Qn7I+9CJGm7Qali6g44e/PUzbjNqJX5NJ9ljlNMosfJvg1fKEGILklK9cwnw=="],

    "package-json-from-dist": ["package-json-from-dist@1.0.1", "", {}, "sha512-UEZIS3/by4OC8vL3P2dTXRETpebLI2NiI5vIrjaD/5UtrkFX/tNbwjTSRAGC/+7CAo2pIcBaRgWmcBBHcsaCIw=="],

    "path-key": ["path-key@3.1.1", "", {}, "sha512-ojmeN0qd+y0jszEtoY48r0Peq5dwMEkIlCOu6Q5f41lfkswXuKtYrhgoTpLnyIcHm24Uhqx+5Tqm2InSwLhE6Q=="],

    "path-scurry": ["path-scurry@1.11.1", "", { "dependencies": { "lru-cache": "^10.2.0", "minipass": "^5.0.0 || ^6.0.2 || ^7.0.0" } }, "sha512-Xa4Nw17FS9ApQFJ9umLiJS4orGjm7ZzwUrwamcGQuHSzDyth9boKDaycYdDcZDuqYATXw4HFXgaqWTctW/v1HA=="],

    "picocolors": ["picocolors@1.1.1", "", {}, "sha512-xceH2snhtb5M9liqDsmEw56le376mTZkEX/jEb/RxNFyegNul7eNslCXP9FDj/Lcu0X8KEyMceP2ntpaHrDEVA=="],

    "pirates": ["pirates@4.0.7", "", {}, "sha512-TfySrs/5nm8fQJDcBDuUng3VOUKsd7S+zqvbOTiGXHfxX4wK31ard+hoNuvkicM/2YFzlpDgABOevKSsB4G/FA=="],

    "plist": ["plist@3.1.0", "", { "dependencies": { "@xmldom/xmldom": "^0.8.8", "base64-js": "^1.5.1", "xmlbuilder": "^15.1.1" } }, "sha512-uysumyrvkUX0rX/dEVqt8gC3sTBzd4zoWfLeS29nb53imdaXVvLINYXTI2GNqzaMuvacNx4uJQ8+b3zXR0pkgQ=="],

    "require-from-string": ["require-from-string@2.0.2", "", {}, "sha512-Xf0nWe6RseziFMu+Ap9biiUbmplq6S9/p+7w7YXP/JBHhrUDDUhwa+vANyubuqfZWTveU//DYVGsDG7RKL/vEw=="],

    "resolve-from": ["resolve-from@5.0.0", "", {}, "sha512-qYg9KP24dD5qka9J47d0aVky0N+b4fTU89LN9iDnjB5waksiC49rvMB0PrUJQGoTmH50XPiqOvAjDfaijGxYZw=="],

    "resolve-workspace-root": ["resolve-workspace-root@2.0.0", "", {}, "sha512-IsaBUZETJD5WsI11Wt8PKHwaIe45or6pwNc8yflvLJ4DWtImK9kuLoH5kUva/2Mmx/RdIyr4aONNSa2v9LTJsw=="],

    "restore-cursor": ["restore-cursor@5.1.0", "", { "dependencies": { "onetime": "^7.0.0", "signal-exit": "^4.1.0" } }, "sha512-oMA2dcrw6u0YfxJQXm342bFKX/E4sG9rbTzO9ptUcR/e8A33cHuvStiYOwH7fszkZlZ1z/ta9AAoPk2F4qIOHA=="],

    "sax": ["sax@1.4.1", "", {}, "sha512-+aWOz7yVScEGoKNd4PA10LZ8sk0A/z5+nXQG5giUO5rprX9jgYsTdov9qCchZiPIZezbZH+jRut8nPodFAX4Jg=="],

    "semver": ["semver@7.7.2", "", { "bin": { "semver": "bin/semver.js" } }, "sha512-RF0Fw+rO5AMf9MAyaRXI4AV0Ulj5lMHqVxxdSgiVbixSCXoEmmX/jk0CuJw4+3SqroYO9VoUh+HcuJivvtJemA=="],

    "shebang-command": ["shebang-command@2.0.0", "", { "dependencies": { "shebang-regex": "^3.0.0" } }, "sha512-kHxr2zZpYtdmrN1qDjrrX/Z1rR1kG8Dx+gkpK1G4eXmvXswmcE1hTWBWYUzlraYw1/yZp6YuDY77YtvbN0dmDA=="],

    "shebang-regex": ["shebang-regex@3.0.0", "", {}, "sha512-7++dFhtcx3353uBaq8DDR4NuxBetBzC7ZQOhmTQInHEd6bSrXdiEyzCvG07Z44UYdLShWUyXt5M/yhz8ekcb1A=="],

    "signal-exit": ["signal-exit@4.1.0", "", {}, "sha512-bzyZ1e88w9O1iNJbKnOlvYTrWPDl46O1bG0D3XInv+9tkPrxrN8jUUTiFlDkkmKWgn1M6CfIA13SuGqOa9Korw=="],

    "simple-plist": ["simple-plist@1.3.1", "", { "dependencies": { "bplist-creator": "0.1.0", "bplist-parser": "0.3.1", "plist": "^3.0.5" } }, "sha512-iMSw5i0XseMnrhtIzRb7XpQEXepa9xhWxGUojHBL43SIpQuDQkh3Wpy67ZbDzZVr6EKxvwVChnVpdl8hEVLDiw=="],

    "slash": ["slash@3.0.0", "", {}, "sha512-g9Q1haeby36OSStwb4ntCGGGaKsaVSjQ68fBxoQcutl5fS1vuY18H3wSt3jFyFtrkx+Kz0V1G85A4MyAdDMi2Q=="],

    "slugify": ["slugify@1.6.6", "", {}, "sha512-h+z7HKHYXj6wJU+AnS/+IH8Uh9fdcX1Lrhg1/VMdf9PwoBQXFcXiAdsy2tSK0P6gKwJLXp02r90ahUCqHk9rrw=="],

    "stdin-discarder": ["stdin-discarder@0.2.2", "", {}, "sha512-UhDfHmA92YAlNnCfhmq0VeNL5bDbiZGg7sZ2IvPsXubGkiNa9EC+tUTsjBRsYUAz87btI6/1wf4XoVvQ3uRnmQ=="],

    "stream-buffers": ["stream-buffers@2.2.0", "", {}, "sha512-uyQK/mx5QjHun80FLJTfaWE7JtwfRMKBLkMne6udYOmvH0CawotVa7TfgYHzAnpphn4+TweIx1QKMnRIbipmUg=="],

    "string-width": ["string-width@7.2.0", "", { "dependencies": { "emoji-regex": "^10.3.0", "get-east-asian-width": "^1.0.0", "strip-ansi": "^7.1.0" } }, "sha512-tsaTIkKW9b4N+AEj+SVA+WhJzV7/zMhcSu78mLKWSk7cXMOSHsBKFWUs0fWwq8QyK3MgJBQRX6Gbi4kYbdvGkQ=="],

    "string-width-cjs": ["string-width@4.2.3", "", { "dependencies": { "emoji-regex": "^8.0.0", "is-fullwidth-code-point": "^3.0.0", "strip-ansi": "^6.0.1" } }, "sha512-wKyQRQpjJ0sIp62ErSZdGsjMJWsap5oRNihHhu6G7JVO/9jIB6UyevL+tXuOqrng8j/cxKTWyWUwvSTriiZz/g=="],

    "strip-ansi": ["strip-ansi@7.1.0", "", { "dependencies": { "ansi-regex": "^6.0.1" } }, "sha512-iq6eVVI64nQQTRYq2KtEg2d2uU7LElhTJwsH4YzIHZshxlgZms/wIc4VoDQTlG/IvVIrBKG06CrZnp0qv7hkcQ=="],

    "strip-ansi-cjs": ["strip-ansi@6.0.1", "", { "dependencies": { "ansi-regex": "^5.0.1" } }, "sha512-Y38VPSHcqkFrCpFnQ9vuSXmquuv5oXOKpGeT6aGrr3o3Gc9AlVa6JBfUSOCnbxGGZF+/0ooI7KrPuUSztUdU5A=="],

    "sucrase": ["sucrase@3.35.0", "", { "dependencies": { "@jridgewell/gen-mapping": "^0.3.2", "commander": "^4.0.0", "glob": "^10.3.10", "lines-and-columns": "^1.1.6", "mz": "^2.7.0", "pirates": "^4.0.1", "ts-interface-checker": "^0.1.9" }, "bin": { "sucrase": "bin/sucrase", "sucrase-node": "bin/sucrase-node" } }, "sha512-8EbVDiu9iN/nESwxeSxDKe0dunta1GOlHufmSSXxMD2z2/tMZpDMpvXQGsc+ajGo8y2uYUmixaSRUc/QPoQ0GA=="],

    "supports-color": ["supports-color@5.5.0", "", { "dependencies": { "has-flag": "^3.0.0" } }, "sha512-QjVjwdXIt408MIiAqCX4oUKsgU2EqAGzs2Ppkm4aQYbjm+ZEWEcW4SfFNTr4uMNZma0ey4f5lgLrkB0aX0QMow=="],

    "tar": ["tar@7.5.1", "", { "dependencies": { "@isaacs/fs-minipass": "^4.0.0", "chownr": "^3.0.0", "minipass": "^7.1.2", "minizlib": "^3.1.0", "yallist": "^5.0.0" } }, "sha512-nlGpxf+hv0v7GkWBK2V9spgactGOp0qvfWRxUMjqHyzrt3SgwE48DIv/FhqPHJYLHpgW1opq3nERbz5Anq7n1g=="],

    "thenify": ["thenify@3.3.1", "", { "dependencies": { "any-promise": "^1.0.0" } }, "sha512-RVZSIV5IG10Hk3enotrhvz0T9em6cyHBLkH/YAZuKqd8hRkKhSfCGIcP2KUY0EPxndzANBmNllzWPwak+bheSw=="],

    "thenify-all": ["thenify-all@1.6.0", "", { "dependencies": { "thenify": ">= 3.1.0 < 4" } }, "sha512-RNxQH/qI8/t3thXJDwcstUO4zeqo64+Uy/+sNVRBx4Xn2OX+OZ9oP+iJnNFqplFra2ZUVeKCSa2oVWi3T4uVmA=="],

    "toad-cache": ["toad-cache@3.7.0", "", {}, "sha512-/m8M+2BJUpoJdgAHoG+baCwBT+tf2VraSfkBgl0Y00qIWt41DJ8R5B8nsEw0I58YwF5IZH6z24/2TobDKnqSWw=="],

    "ts-interface-checker": ["ts-interface-checker@0.1.13", "", {}, "sha512-Y/arvbn+rrz3JCKl9C4kVNfTfSm2/mEp5FSz5EsZSANGPSlQrpRI5M4PKF+mJnE52jOO90PnPSc3Ur3bTQw0gA=="],

    "tslib": ["tslib@2.8.1", "", {}, "sha512-oJFu94HQb+KVduSUQL7wnpmqnfmLsOA/nAh6b6EH0wCEoK0/mPeXU6c3wKDV83MkOuHPRHtSXKKU99IBazS/2w=="],

    "typescript": ["typescript@5.8.3", "", { "bin": { "tsc": "bin/tsc", "tsserver": "bin/tsserver" } }, "sha512-p1diW6TqL9L07nNxvRMM7hMMw4c5XOo/1ibL4aAIGmSAt9slTE1Xgw5KWuof2uTOvCg9BY7ZRi+GaF+7sfgPeQ=="],

    "undici-types": ["undici-types@6.21.0", "", {}, "sha512-iwDZqg0QAGrg9Rav5H4n0M64c3mkR59cJ6wQp+7C4nI0gsmExaedaYLNO44eT4AtBBwjbTiGPMlt2Md0T9H9JQ=="],

    "universal-github-app-jwt": ["universal-github-app-jwt@2.2.2", "", {}, "sha512-dcmbeSrOdTnsjGjUfAlqNDJrhxXizjAz94ija9Qw8YkZ1uu0d+GoZzyH+Jb9tIIqvGsadUfwg+22k5aDqqwzbw=="],

    "universal-user-agent": ["universal-user-agent@7.0.3", "", {}, "sha512-TmnEAEAsBJVZM/AADELsK76llnwcf9vMKuPz8JflO1frO8Lchitr0fNaN9d+Ap0BjKtqWqd/J17qeDnXh8CL2A=="],

    "universalify": ["universalify@2.0.1", "", {}, "sha512-gptHNQghINnc/vTGIk0SOFGFNXw7JVrlRUtConJRlvaw6DuX0wO5Jeko9sWrMBhh+PsYAZ7oXAiOnf/UKogyiw=="],

    "uuid": ["uuid@7.0.3", "", { "bin": { "uuid": "dist/bin/uuid" } }, "sha512-DPSke0pXhTZgoF/d+WSt2QaKMCFSfx7QegxEWT+JOuHF5aWrKEn0G+ztjuJg/gG8/ItK+rbPCD/yNv8yyih6Cg=="],

    "uuidv7": ["uuidv7@1.0.2", "", { "bin": { "uuidv7": "cli.js" } }, "sha512-8JQkH4ooXnm1JCIhqTMbtmdnYEn6oKukBxHn1Ic9878jMkL7daTI7anTExfY18VRCX7tcdn5quzvCb6EWrR8PA=="],

    "web-streams-polyfill": ["web-streams-polyfill@3.3.3", "", {}, "sha512-d2JWLCivmZYTSIoge9MsgFCZrt571BikcWGYkjC1khllbTeDlGqZ2D8vD8E/lJa8WGWbb7Plm8/XJYV7IJHZZw=="],

    "which": ["which@2.0.2", "", { "dependencies": { "isexe": "^2.0.0" }, "bin": { "node-which": "./bin/node-which" } }, "sha512-BLI3Tl1TW3Pvl70l3yq3Y64i+awpwXqsGBYWkkqMtnbXgrMD+yj7rhW0kuEDxzJaYXGjEW5ogapKNMEKNMjibA=="],

    "wrap-ansi": ["wrap-ansi@8.1.0", "", { "dependencies": { "ansi-styles": "^6.1.0", "string-width": "^5.0.1", "strip-ansi": "^7.0.1" } }, "sha512-si7QWI6zUMq56bESFvagtmzMdGOtoxfR+Sez11Mobfc7tm+VkUckk9bW2UeffTGVUbOksxmSw0AA2gs8g71NCQ=="],

    "wrap-ansi-cjs": ["wrap-ansi@7.0.0", "", { "dependencies": { "ansi-styles": "^4.0.0", "string-width": "^4.1.0", "strip-ansi": "^6.0.0" } }, "sha512-YVGIj2kamLSTxw6NsZjoBxfSwsn0ycdesmc4p+Q21c5zPuZ1pl+NfxVdxPtdHvmNVOQ6XSYG4AUtyt/Fi7D16Q=="],

    "xcode": ["xcode@3.0.1", "", { "dependencies": { "simple-plist": "^1.1.0", "uuid": "^7.0.3" } }, "sha512-kCz5k7J7XbJtjABOvkc5lJmkiDh8VhjVCGNiqdKCscmVpdVUpEAyXv1xmCLkQJ5dsHqx3IPO4XW+NTDhU/fatA=="],

    "xml2js": ["xml2js@0.6.0", "", { "dependencies": { "sax": ">=0.6.0", "xmlbuilder": "~11.0.0" } }, "sha512-eLTh0kA8uHceqesPqSE+VvO1CDDJWMwlQfB6LuN6T8w6MaDJ8Txm8P7s5cHD0miF0V+GGTZrDQfxPZQVsur33w=="],

    "xmlbuilder": ["xmlbuilder@15.1.1", "", {}, "sha512-yMqGBqtXyeN1e3TGYvgNgDVZ3j84W4cwkOXQswghol6APgZWaff9lnbvN7MHYJOiXsvGPXtjTYJEiC9J2wv9Eg=="],

    "yallist": ["yallist@5.0.0", "", {}, "sha512-YgvUTfwqyc7UXVMrB+SImsVYSmTS8X/tSrtdNZMImM+n7+QTriRXyXim0mBrTXNeqzVF0KWGgHPeiyViFFrNDw=="],

    "yoctocolors": ["yoctocolors@2.1.1", "", {}, "sha512-GQHQqAopRhwU8Kt1DDM8NjibDXHC8eoh1erhGAJPEyveY9qqVeXvVikNKrDz69sHowPMorbPUrH/mx8c50eiBQ=="],

    "@babel/code-frame/chalk": ["chalk@2.4.2", "", { "dependencies": { "ansi-styles": "^3.2.1", "escape-string-regexp": "^1.0.5", "supports-color": "^5.3.0" } }, "sha512-Mti+f9lpJNcwF4tWV8/OrTTtF1gZi+f8FqlyAdouralcFWFQWF2+NgCHShjkCb+IFBLq9buZwE1xckQU4peSuQ=="],

    "@babel/highlight/chalk": ["chalk@2.4.2", "", { "dependencies": { "ansi-styles": "^3.2.1", "escape-string-regexp": "^1.0.5", "supports-color": "^5.3.0" } }, "sha512-Mti+f9lpJNcwF4tWV8/OrTTtF1gZi+f8FqlyAdouralcFWFQWF2+NgCHShjkCb+IFBLq9buZwE1xckQU4peSuQ=="],

    "@expo/config/@babel/code-frame": ["@babel/code-frame@7.10.4", "", { "dependencies": { "@babel/highlight": "^7.10.4" } }, "sha512-vG6SvB6oYEhvgisZNFRmRCUkLz11c7rp+tbNTynGqc6mS1d5ATd/sGyV6W0KZZnXRKMTzZDRgQT3Ou9jhpAfUg=="],

    "@expo/config-plugins/chalk": ["chalk@4.1.2", "", { "dependencies": { "ansi-styles": "^4.1.0", "supports-color": "^7.1.0" } }, "sha512-oKnbhFyRIXpUuez8iBMmyEa4nbj4IOQyuhc/wy9kY7/WVPcwIO9VA668Pu8RkO7+0G76SLROeyw9CpQ061i4mA=="],

    "@expo/json-file/@babel/code-frame": ["@babel/code-frame@7.10.4", "", { "dependencies": { "@babel/highlight": "^7.10.4" } }, "sha512-vG6SvB6oYEhvgisZNFRmRCUkLz11c7rp+tbNTynGqc6mS1d5ATd/sGyV6W0KZZnXRKMTzZDRgQT3Ou9jhpAfUg=="],

    "@isaacs/cliui/string-width": ["string-width@5.1.2", "", { "dependencies": { "eastasianwidth": "^0.2.0", "emoji-regex": "^9.2.2", "strip-ansi": "^7.0.1" } }, "sha512-HnLOCR3vjcY8beoNLtcjZ5/nxn2afmME6lhrDrebokqMap+XbeW8n9TXpPDOqdGK5qcI3oT0GKTW6wC7EMiVqA=="],

    "ora/chalk": ["chalk@5.4.1", "", {}, "sha512-zgVZuo2WcZgfUEmsn6eO3kINexW8RAE4maiQ8QNs8CtpPCSyMiYsULR3HQYkm3w8FIA3SberyMJMSldGsW+U3w=="],

    "ora/log-symbols": ["log-symbols@6.0.0", "", { "dependencies": { "chalk": "^5.3.0", "is-unicode-supported": "^1.3.0" } }, "sha512-i24m8rpwhmPIS4zscNzK6MSEhk0DUWa/8iYQWxhffV8jkI4Phvs3F+quL5xvS0gdQR0FyTCMMH33Y78dDTzzIw=="],

    "string-width-cjs/emoji-regex": ["emoji-regex@8.0.0", "", {}, "sha512-MSjYzcWNOA0ewAHpz0MxpYFvwg6yjy1NG3xteoqz644VCo/RPgnr1/GGt+ic3iJTzQ8Eu3TdM14SawnVUmGE6A=="],

    "string-width-cjs/strip-ansi": ["strip-ansi@6.0.1", "", { "dependencies": { "ansi-regex": "^5.0.1" } }, "sha512-Y38VPSHcqkFrCpFnQ9vuSXmquuv5oXOKpGeT6aGrr3o3Gc9AlVa6JBfUSOCnbxGGZF+/0ooI7KrPuUSztUdU5A=="],

    "strip-ansi-cjs/ansi-regex": ["ansi-regex@5.0.1", "", {}, "sha512-quJQXlTSUGL2LH9SUXo8VwsY4soanhgo6LNSm84E1LBcE8s3O0wpdiRzyR9z/ZZJMlMWv37qOOb9pdJlMUEKFQ=="],

    "wrap-ansi/ansi-styles": ["ansi-styles@6.2.1", "", {}, "sha512-bN798gFfQX+viw3R7yrGWRqnrN2oRkEkUjjl4JNn4E8GxxbjtG3FbrEIIY3l8/hrwUwIeCZvi4QuOTP4MErVug=="],

    "wrap-ansi/string-width": ["string-width@5.1.2", "", { "dependencies": { "eastasianwidth": "^0.2.0", "emoji-regex": "^9.2.2", "strip-ansi": "^7.0.1" } }, "sha512-HnLOCR3vjcY8beoNLtcjZ5/nxn2afmME6lhrDrebokqMap+XbeW8n9TXpPDOqdGK5qcI3oT0GKTW6wC7EMiVqA=="],

    "wrap-ansi-cjs/ansi-styles": ["ansi-styles@4.3.0", "", { "dependencies": { "color-convert": "^2.0.1" } }, "sha512-zbB9rCJAT1rbjiVDb2hqKFHNYLxgtk8NURxZ3IZwD3F6NtxbXZQCnnSi1Lkx+IDohdPlFp222wVALIheZJQSEg=="],

    "wrap-ansi-cjs/string-width": ["string-width@4.2.3", "", { "dependencies": { "emoji-regex": "^8.0.0", "is-fullwidth-code-point": "^3.0.0", "strip-ansi": "^6.0.1" } }, "sha512-wKyQRQpjJ0sIp62ErSZdGsjMJWsap5oRNihHhu6G7JVO/9jIB6UyevL+tXuOqrng8j/cxKTWyWUwvSTriiZz/g=="],

    "wrap-ansi-cjs/strip-ansi": ["strip-ansi@6.0.1", "", { "dependencies": { "ansi-regex": "^5.0.1" } }, "sha512-Y38VPSHcqkFrCpFnQ9vuSXmquuv5oXOKpGeT6aGrr3o3Gc9AlVa6JBfUSOCnbxGGZF+/0ooI7KrPuUSztUdU5A=="],

    "xml2js/xmlbuilder": ["xmlbuilder@11.0.1", "", {}, "sha512-fDlsI/kFEx7gLvbecc0/ohLG50fugQp8ryHzMTuW9vSa1GJ0XYWKnhsUx7oie3G98+r56aTQIUB4kht42R3JvA=="],

    "@expo/config-plugins/chalk/ansi-styles": ["ansi-styles@4.3.0", "", { "dependencies": { "color-convert": "^2.0.1" } }, "sha512-zbB9rCJAT1rbjiVDb2hqKFHNYLxgtk8NURxZ3IZwD3F6NtxbXZQCnnSi1Lkx+IDohdPlFp222wVALIheZJQSEg=="],

    "@expo/config-plugins/chalk/supports-color": ["supports-color@7.2.0", "", { "dependencies": { "has-flag": "^4.0.0" } }, "sha512-qpCAvRl9stuOHveKsn7HncJRvv501qIacKzQlO/+Lwxc9+0q2wLyv4Dfvt80/DPn2pqOBsJdDiogXGR9+OvwRw=="],

    "@isaacs/cliui/string-width/emoji-regex": ["emoji-regex@9.2.2", "", {}, "sha512-L18DaJsXSUk2+42pv8mLs5jJT2hqFkFE4j21wOmgbUqsZ2hL72NsUU785g9RXgo3s0ZNgVl42TiHp3ZtOv/Vyg=="],

    "ora/log-symbols/is-unicode-supported": ["is-unicode-supported@1.3.0", "", {}, "sha512-43r2mRvz+8JRIKnWJ+3j8JtjRKZ6GmjzfaE/qiBJnikNnYv/6bagRJ1kUhNk8R5EX/GkobD+r+sfxCPJsiKBLQ=="],

    "string-width-cjs/strip-ansi/ansi-regex": ["ansi-regex@5.0.1", "", {}, "sha512-quJQXlTSUGL2LH9SUXo8VwsY4soanhgo6LNSm84E1LBcE8s3O0wpdiRzyR9z/ZZJMlMWv37qOOb9pdJlMUEKFQ=="],

    "wrap-ansi-cjs/ansi-styles/color-convert": ["color-convert@2.0.1", "", { "dependencies": { "color-name": "~1.1.4" } }, "sha512-RRECPsj7iu/xb5oKYcsFHSppFNnsj/52OVTRKb4zP5onXwVF3zVmmToNcOfGC+CRDpfK/U584fMg38ZHCaElKQ=="],

    "wrap-ansi-cjs/string-width/emoji-regex": ["emoji-regex@8.0.0", "", {}, "sha512-MSjYzcWNOA0ewAHpz0MxpYFvwg6yjy1NG3xteoqz644VCo/RPgnr1/GGt+ic3iJTzQ8Eu3TdM14SawnVUmGE6A=="],

    "wrap-ansi-cjs/strip-ansi/ansi-regex": ["ansi-regex@5.0.1", "", {}, "sha512-quJQXlTSUGL2LH9SUXo8VwsY4soanhgo6LNSm84E1LBcE8s3O0wpdiRzyR9z/ZZJMlMWv37qOOb9pdJlMUEKFQ=="],

    "wrap-ansi/string-width/emoji-regex": ["emoji-regex@9.2.2", "", {}, "sha512-L18DaJsXSUk2+42pv8mLs5jJT2hqFkFE4j21wOmgbUqsZ2hL72NsUU785g9RXgo3s0ZNgVl42TiHp3ZtOv/Vyg=="],

    "@expo/config-plugins/chalk/ansi-styles/color-convert": ["color-convert@2.0.1", "", { "dependencies": { "color-name": "~1.1.4" } }, "sha512-RRECPsj7iu/xb5oKYcsFHSppFNnsj/52OVTRKb4zP5onXwVF3zVmmToNcOfGC+CRDpfK/U584fMg38ZHCaElKQ=="],

    "@expo/config-plugins/chalk/supports-color/has-flag": ["has-flag@4.0.0", "", {}, "sha512-EykJT/Q1KjTWctppgIAgfSO0tKVuZUjhgMr17kqTumMl6Afv3EISleU7qZUzoXDFTAHTDC4NOoG/ZxU3EvlMPQ=="],

    "wrap-ansi-cjs/ansi-styles/color-convert/color-name": ["color-name@1.1.4", "", {}, "sha512-dOy+3AuW3a2wNbZHIuMZpTcgjGuLU/uBL/ubcZF9OXbDo8ff4O8yVp5Bf0efS8uEoYo5q4Fx7dY9OgQGXgAsQA=="],

    "@expo/config-plugins/chalk/ansi-styles/color-convert/color-name": ["color-name@1.1.4", "", {}, "sha512-dOy+3AuW3a2wNbZHIuMZpTcgjGuLU/uBL/ubcZF9OXbDo8ff4O8yVp5Bf0efS8uEoYo5q4Fx7dY9OgQGXgAsQA=="],
  }
}
